// !$*UTF8*$!
{
	archiveVersion = 1;
	classes = {
	};
	objectVersion = 46;
	objects = {

/* Begin PBXBuildFile section */
		FE8F42001E36A734002435D2 /* OKRangeSlider.m in Sources */ = {isa = PBXBuildFile; fileRef = FE8F41FF1E36A734002435D2 /* OKRangeSlider.m */; };
		FE8F42031E36AD7C002435D2 /* QuartzCore.framework in Frameworks */ = {isa = PBXBuildFile; fileRef = FE8F42021E36AD7C002435D2 /* QuartzCore.framework */; };
		FEE180E51E367DF000BCAE01 /* main.m in Sources */ = {isa = PBXBuildFile; fileRef = FEE180E41E367DF000BCAE01 /* main.m */; };
		FEE180E81E367DF000BCAE01 /* AppDelegate.m in Sources */ = {isa = PBXBuildFile; fileRef = FEE180E71E367DF000BCAE01 /* AppDelegate.m */; };
		FEE180EB1E367DF000BCAE01 /* ViewController.m in Sources */ = {isa = PBXBuildFile; fileRef = FEE180EA1E367DF000BCAE01 /* ViewController.m */; };
		FEE180F01E367DF000BCAE01 /* Assets.xcassets in Resources */ = {isa = PBXBuildFile; fileRef = FEE180EF1E367DF000BCAE01 /* Assets.xcassets */; };
		FEE180F31E367DF000BCAE01 /* LaunchScreen.storyboard in Resources */ = {isa = PBXBuildFile; fileRef = FEE180F11E367DF000BCAE01 /* LaunchScreen.storyboard */; };
		FEE180FC1E36815800BCAE01 /* Main.storyboard in Resources */ = {isa = PBXBuildFile; fileRef = FEE180FA1E36815800BCAE01 /* Main.storyboard */; };
/* End PBXBuildFile section */

/* Begin PBXFileReference section */
		FE8F41FE1E36A734002435D2 /* OKRangeSlider.h */ = {isa = PBXFileReference; fileEncoding = 4; lastKnownFileType = sourcecode.c.h; path = OKRangeSlider.h; sourceTree = "<group>"; };
		FE8F41FF1E36A734002435D2 /* OKRangeSlider.m */ = {isa = PBXFileReference; fileEncoding = 4; lastKnownFileType = sourcecode.c.objc; path = OKRangeSlider.m; sourceTree = "<group>"; };
		FE8F42021E36AD7C002435D2 /* QuartzCore.framework */ = {isa = PBXFileReference; lastKnownFileType = wrapper.framework; name = QuartzCore.framework; path = System/Library/Frameworks/QuartzCore.framework; sourceTree = SDKROOT; };
		FEE180E01E367DF000BCAE01 /* okRangeSlider.app */ = {isa = PBXFileReference; explicitFileType = wrapper.application; includeInIndex = 0; path = okRangeSlider.app; sourceTree = BUILT_PRODUCTS_DIR; };
		FEE180E41E367DF000BCAE01 /* main.m */ = {isa = PBXFileReference; lastKnownFileType = sourcecode.c.objc; name = main.m; path = okRangeSlider/main.m; sourceTree = SOURCE_ROOT; };
		FEE180E61E367DF000BCAE01 /* AppDelegate.h */ = {isa = PBXFileReference; lastKnownFileType = sourcecode.c.h; name = AppDelegate.h; path = okRangeSlider/AppDelegate.h; sourceTree = SOURCE_ROOT; };
		FEE180E71E367DF000BCAE01 /* AppDelegate.m */ = {isa = PBXFileReference; lastKnownFileType = sourcecode.c.objc; name = AppDelegate.m; path = okRangeSlider/AppDelegate.m; sourceTree = SOURCE_ROOT; };
		FEE180E91E367DF000BCAE01 /* ViewController.h */ = {isa = PBXFileReference; lastKnownFileType = sourcecode.c.h; name = ViewController.h; path = okRangeSlider/ViewController.h; sourceTree = SOURCE_ROOT; };
		FEE180EA1E367DF000BCAE01 /* ViewController.m */ = {isa = PBXFileReference; lastKnownFileType = sourcecode.c.objc; name = ViewController.m; path = okRangeSlider/ViewController.m; sourceTree = SOURCE_ROOT; };
		FEE180EF1E367DF000BCAE01 /* Assets.xcassets */ = {isa = PBXFileReference; lastKnownFileType = folder.assetcatalog; path = Assets.xcassets; sourceTree = "<group>"; };
		FEE180F21E367DF000BCAE01 /* Base */ = {isa = PBXFileReference; lastKnownFileType = file.storyboard; name = Base; path = Base.lproj/LaunchScreen.storyboard; sourceTree = "<group>"; };
		FEE180F41E367DF000BCAE01 /* Info.plist */ = {isa = PBXFileReference; lastKnownFileType = text.plist.xml; name = Info.plist; path = okRangeSlider/Info.plist; sourceTree = SOURCE_ROOT; };
		FEE180FB1E36815800BCAE01 /* Base */ = {isa = PBXFileReference; lastKnownFileType = file.storyboard; name = Base; path = Base.lproj/Main.storyboard; sourceTree = "<group>"; };
/* End PBXFileReference section */

/* Begin PBXFrameworksBuildPhase section */
		FEE180DD1E367DF000BCAE01 /* Frameworks */ = {
			isa = PBXFrameworksBuildPhase;
			buildActionMask = 2147483647;
			files = (
				FE8F42031E36AD7C002435D2 /* QuartzCore.framework in Frameworks */,
			);
			runOnlyForDeploymentPostprocessing = 0;
		};
/* End PBXFrameworksBuildPhase section */

/* Begin PBXGroup section */
		FE8F42011E36AD7C002435D2 /* Frameworks */ = {
			isa = PBXGroup;
			children = (
				FE8F42021E36AD7C002435D2 /* QuartzCore.framework */,
			);
			name = Frameworks;
			sourceTree = "<group>";
		};
		FEE180D71E367DF000BCAE01 = {
			isa = PBXGroup;
			children = (
				FEE180E21E367DF000BCAE01 /* okRangeSlider */,
				FEE180E11E367DF000BCAE01 /* Products */,
				FE8F42011E36AD7C002435D2 /* Frameworks */,
			);
			sourceTree = "<group>";
		};
		FEE180E11E367DF000BCAE01 /* Products */ = {
			isa = PBXGroup;
			children = (
				FEE180E01E367DF000BCAE01 /* okRangeSlider.app */,
			);
			name = Products;
			sourceTree = "<group>";
		};
		FEE180E21E367DF000BCAE01 /* okRangeSlider */ = {
			isa = PBXGroup;
			children = (
				FEE180FA1E36815800BCAE01 /* Main.storyboard */,
				FEE180E61E367DF000BCAE01 /* AppDelegate.h */,
				FEE180E71E367DF000BCAE01 /* AppDelegate.m */,
				FEE180E91E367DF000BCAE01 /* ViewController.h */,
				FEE180EA1E367DF000BCAE01 /* ViewController.m */,
				FEE180EF1E367DF000BCAE01 /* Assets.xcassets */,
				FEE180F11E367DF000BCAE01 /* LaunchScreen.storyboard */,
				FEE180F41E367DF000BCAE01 /* Info.plist */,
				FEE180E31E367DF000BCAE01 /* Supporting Files */,
				FE8F41FE1E36A734002435D2 /* OKRangeSlider.h */,
				FE8F41FF1E36A734002435D2 /* OKRangeSlider.m */,
			);
			path = okRangeSlider;
			sourceTree = "<group>";
		};
		FEE180E31E367DF000BCAE01 /* Supporting Files */ = {
			isa = PBXGroup;
			children = (
				FEE180E41E367DF000BCAE01 /* main.m */,
			);
			name = "Supporting Files";
			sourceTree = "<group>";
		};
/* End PBXGroup section */

/* Begin PBXNativeTarget section */
		FEE180DF1E367DF000BCAE01 /* okRangeSlider */ = {
			isa = PBXNativeTarget;
			buildConfigurationList = FEE180F71E367DF000BCAE01 /* Build configuration list for PBXNativeTarget "okRangeSlider" */;
			buildPhases = (
				FEE180DC1E367DF000BCAE01 /* Sources */,
				FEE180DD1E367DF000BCAE01 /* Frameworks */,
				FEE180DE1E367DF000BCAE01 /* Resources */,
			);
			buildRules = (
			);
			dependencies = (
			);
			name = okRangeSlider;
			productName = okRangeSlider;
			productReference = FEE180E01E367DF000BCAE01 /* okRangeSlider.app */;
			productType = "com.apple.product-type.application";
		};
/* End PBXNativeTarget section */

/* Begin PBXProject section */
		FEE180D81E367DF000BCAE01 /* Project object */ = {
			isa = PBXProject;
			attributes = {
				LastUpgradeCheck = 0820;
				ORGANIZATIONNAME = otherkitten.org;
				TargetAttributes = {
					FEE180DF1E367DF000BCAE01 = {
						CreatedOnToolsVersion = 8.2.1;
						DevelopmentTeam = TDT9G55W9S;
						ProvisioningStyle = Automatic;
					};
				};
			};
			buildConfigurationList = FEE180DB1E367DF000BCAE01 /* Build configuration list for PBXProject "okRangeSlider" */;
			compatibilityVersion = "Xcode 3.2";
			developmentRegion = English;
			hasScannedForEncodings = 0;
			knownRegions = (
				en,
				Base,
			);
			mainGroup = FEE180D71E367DF000BCAE01;
			productRefGroup = FEE180E11E367DF000BCAE01 /* Products */;
			projectDirPath = "";
			projectRoot = "";
			targets = (
				FEE180DF1E367DF000BCAE01 /* okRangeSlider */,
			);
		};
/* End PBXProject section */

/* Begin PBXResourcesBuildPhase section */
		FEE180DE1E367DF000BCAE01 /* Resources */ = {
			isa = PBXResourcesBuildPhase;
			buildActionMask = 2147483647;
			files = (
				FEE180FC1E36815800BCAE01 /* Main.storyboard in Resources */,
				FEE180F31E367DF000BCAE01 /* LaunchScreen.storyboard in Resources */,
				FEE180F01E367DF000BCAE01 /* Assets.xcassets in Resources */,
			);
			runOnlyForDeploymentPostprocessing = 0;
		};
/* End PBXResourcesBuildPhase section */

/* Begin PBXSourcesBuildPhase section */
		FEE180DC1E367DF000BCAE01 /* Sources */ = {
			isa = PBXSourcesBuildPhase;
			buildActionMask = 2147483647;
			files = (
				FE8F42001E36A734002435D2 /* OKRangeSlider.m in Sources */,
				FEE180EB1E367DF000BCAE01 /* ViewController.m in Sources */,
				FEE180E81E367DF000BCAE01 /* AppDelegate.m in Sources */,
				FEE180E51E367DF000BCAE01 /* main.m in Sources */,
			);
			runOnlyForDeploymentPostprocessing = 0;
		};
/* End PBXSourcesBuildPhase section */

/* Begin PBXVariantGroup section */
		FEE180F11E367DF000BCAE01 /* LaunchScreen.storyboard */ = {
			isa = PBXVariantGroup;
			children = (
				FEE180F21E367DF000BCAE01 /* Base */,
			);
			name = LaunchScreen.storyboard;
			sourceTree = "<group>";
		};
		FEE180FA1E36815800BCAE01 /* Main.storyboard */ = {
			isa = PBXVariantGroup;
			children = (
				FEE180FB1E36815800BCAE01 /* Base */,
			);
			name = Main.storyboard;
			sourceTree = "<group>";
		};
/* End PBXVariantGroup section */

/* Begin XCBuildConfiguration section */
		FEE180F51E367DF000BCAE01 /* Debug */ = {
			isa = XCBuildConfiguration;
			buildSettings = {
				ALWAYS_SEARCH_USER_PATHS = NO;
				CLANG_ANALYZER_NONNULL = YES;
				CLANG_CXX_LANGUAGE_STANDARD = "gnu++0x";
				CLANG_CXX_LIBRARY = "libc++";
				CLANG_ENABLE_MODULES = YES;
				CLANG_ENABLE_OBJC_ARC = YES;
				CLANG_WARN_BOOL_CONVERSION = YES;
				CLANG_WARN_CONSTANT_CONVERSION = YES;
				CLANG_WARN_DIRECT_OBJC_ISA_USAGE = YES_ERROR;
				CLANG_WARN_DOCUMENTATION_COMMENTS = YES;
				CLANG_WARN_EMPTY_BODY = YES;
				CLANG_WARN_ENUM_CONVERSION = YES;
				CLANG_WARN_INFINITE_RECURSION = YES;
				CLANG_WARN_INT_CONVERSION = YES;
				CLANG_WARN_OBJC_ROOT_CLASS = YES_ERROR;
				CLANG_WARN_SUSPICIOUS_MOVE = YES;
				CLANG_WARN_UNREACHABLE_CODE = YES;
				CLANG_WARN__DUPLICATE_METHOD_MATCH = YES;
				"CODE_SIGN_IDENTITY[sdk=iphoneos*]" = "iPhone Developer";
				COPY_PHASE_STRIP = NO;
				DEBUG_INFORMATION_FORMAT = dwarf;
				ENABLE_STRICT_OBJC_MSGSEND = YES;
				ENABLE_TESTABILITY = YES;
				GCC_C_LANGUAGE_STANDARD = gnu99;
				GCC_DYNAMIC_NO_PIC = NO;
				GCC_NO_COMMON_BLOCKS = YES;
				GCC_OPTIMIZATION_LEVEL = 0;
				GCC_PREPROCESSOR_DEFINITIONS = (
					"DEBUG=1",
					"$(inherited)",
				);
				GCC_WARN_64_TO_32_BIT_CONVERSION = YES;
				GCC_WARN_ABOUT_RETURN_TYPE = YES_ERROR;
				GCC_WARN_UNDECLARED_SELECTOR = YES;
				GCC_WARN_UNINITIALIZED_AUTOS = YES_AGGRESSIVE;
				GCC_WARN_UNUSED_FUNCTION = YES;
				GCC_WARN_UNUSED_VARIABLE = YES;
				IPHONEOS_DEPLOYMENT_TARGET = 10.2;
				MTL_ENABLE_DEBUG_INFO = YES;
				ONLY_ACTIVE_ARCH = YES;
				SDKROOT = iphoneos;
				TARGETED_DEVICE_FAMILY = "1,2";
			};
			name = Debug;
		};
		FEE180F61E367DF000BCAE01 /* Release */ = {
			isa = XCBuildConfiguration;
			buildSettings = {
				ALWAYS_SEARCH_USER_PATHS = NO;
				CLANG_ANALYZER_NONNULL = YES;
				CLANG_CXX_LANGUAGE_STANDARD = "gnu++0x";
				CLANG_CXX_LIBRARY = "libc++";
				CLANG_ENABLE_MODULES = YES;
				CLANG_ENABLE_OBJC_ARC = YES;
				CLANG_WARN_BOOL_CONVERSION = YES;
				CLANG_WARN_CONSTANT_CONVERSION = YES;
				CLANG_WARN_DIRECT_OBJC_ISA_USAGE = YES_ERROR;
				CLANG_WARN_DOCUMENTATION_COMMENTS = YES;
				CLANG_WARN_EMPTY_BODY = YES;
				CLANG_WARN_ENUM_CONVERSION = YES;
				CLANG_WARN_INFINITE_RECURSION = YES;
				CLANG_WARN_INT_CONVERSION = YES;
				CLANG_WARN_OBJC_ROOT_CLASS = YES_ERROR;
				CLANG_WARN_SUSPICIOUS_MOVE = YES;
				CLANG_WARN_UNREACHABLE_CODE = YES;
				CLANG_WARN__DUPLICATE_METHOD_MATCH = YES;
				"CODE_SIGN_IDENTITY[sdk=iphoneos*]" = "iPhone Developer";
				COPY_PHASE_STRIP = NO;
				DEBUG_INFORMATION_FORMAT = "dwarf-with-dsym";
				ENABLE_NS_ASSERTIONS = NO;
				ENABLE_STRICT_OBJC_MSGSEND = YES;
				GCC_C_LANGUAGE_STANDARD = gnu99;
				GCC_NO_COMMON_BLOCKS = YES;
				GCC_WARN_64_TO_32_BIT_CONVERSION = YES;
				GCC_WARN_ABOUT_RETURN_TYPE = YES_ERROR;
				GCC_WARN_UNDECLARED_SELECTOR = YES;
				GCC_WARN_UNINITIALIZED_AUTOS = YES_AGGRESSIVE;
				GCC_WARN_UNUSED_FUNCTION = YES;
				GCC_WARN_UNUSED_VARIABLE = YES;
				IPHONEOS_DEPLOYMENT_TARGET = 10.2;
				MTL_ENABLE_DEBUG_INFO = NO;
				SDKROOT = iphoneos;
				TARGETED_DEVICE_FAMILY = "1,2";
				VALIDATE_PRODUCT = YES;
			};
			name = Release;
		};
		FEE180F81E367DF000BCAE01 /* Debug */ = {
			isa = XCBuildConfiguration;
			buildSettings = {
				ASSETCATALOG_COMPILER_APPICON_NAME = AppIcon;
				DEVELOPMENT_TEAM = TDT9G55W9S;
				INFOPLIST_FILE = okRangeSlider/Info.plist;
				IPHONEOS_DEPLOYMENT_TARGET = 10.2;
				LD_RUNPATH_SEARCH_PATHS = "$(inherited) @executable_path/Frameworks";
				PRODUCT_BUNDLE_IDENTIFIER = otherkitten.okRangeSlider;
				PRODUCT_NAME = "$(TARGET_NAME)";
			};
			name = Debug;
		};
		FEE180F91E367DF000BCAE01 /* Release */ = {
			isa = XCBuildConfiguration;
			buildSettings = {
				ASSETCATALOG_COMPILER_APPICON_NAME = AppIcon;
				DEVELOPMENT_TEAM = TDT9G55W9S;
				INFOPLIST_FILE = okRangeSlider/Info.plist;
				IPHONEOS_DEPLOYMENT_TARGET = 10.2;
				LD_RUNPATH_SEARCH_PATHS = "$(inherited) @executable_path/Frameworks";
				PRODUCT_BUNDLE_IDENTIFIER = otherkitten.okRangeSlider;
				PRODUCT_NAME = "$(TARGET_NAME)";
			};
			name = Release;
		};
/* End XCBuildConfiguration section */

/* Begin XCConfigurationList section */
		FEE180DB1E367DF000BCAE01 /* Build configuration list for PBXProject "okRangeSlider" */ = {
			isa = XCConfigurationList;
			buildConfigurations = (
				FEE180F51E367DF000BCAE01 /* Debug */,
				FEE180F61E367DF000BCAE01 /* Release */,
			);
			defaultConfigurationIsVisible = 0;
			defaultConfigurationName = Release;
		};
		FEE180F71E367DF000BCAE01 /* Build configuration list for PBXNativeTarget "okRangeSlider" */ = {
			isa = XCConfigurationList;
			buildConfigurations = (
				FEE180F81E367DF000BCAE01 /* Debug */,
				FEE180F91E367DF000BCAE01 /* Release */,
			);
			defaultConfigurationIsVisible = 0;
			defaultConfigurationName = Release;
		};
/* End XCConfigurationList section */
	};
	rootObject = FEE180D81E367DF000BCAE01 /* Project object */;
}
